
Microsoft Visual Studio Solution File, Format Version 12.00
# Visual Studio 14
VisualStudioVersion = 14.0.25420.1
MinimumVisualStudioVersion = 10.0.40219.1
Project("{FAE04EC0-301F-11D3-BF4B-00C04F79EFBC}") = "KozzionTrading", "KozzionTrading\KozzionTrading.csproj", "{AFF4B397-7E1C-47FA-ACA4-B6F5D410BE0E}"
EndProject
Project("{FAE04EC0-301F-11D3-BF4B-00C04F79EFBC}") = "KozzionTradingCL", "KozzionTradingCL\KozzionTradingCL.csproj", "{794E59AC-C431-46DC-ADE8-07129233F369}"
EndProject
Project("{FAE04EC0-301F-11D3-BF4B-00C04F79EFBC}") = "KozzionTradingTest", "KozzionTradingTest\KozzionTradingTest.csproj", "{88FD34D9-CF84-476D-81F3-4A928B88C8D2}"
EndProject
Global
	GlobalSection(SolutionConfigurationPlatforms) = preSolution
		Debug|Any CPU = Debug|Any CPU
		Debug|x64 = Debug|x64
		Debug|x86 = Debug|x86
		Release|Any CPU = Release|Any CPU
		Release|x64 = Release|x64
		Release|x86 = Release|x86
	EndGlobalSection
	GlobalSection(ProjectConfigurationPlatforms) = postSolution
		{AFF4B397-7E1C-47FA-ACA4-B6F5D410BE0E}.Debug|Any CPU.ActiveCfg = Debug|Any CPU
		{AFF4B397-7E1C-47FA-ACA4-B6F5D410BE0E}.Debug|Any CPU.Build.0 = Debug|Any CPU
		{AFF4B397-7E1C-47FA-ACA4-B6F5D410BE0E}.Debug|x64.ActiveCfg = Debug|x64
		{AFF4B397-7E1C-47FA-ACA4-B6F5D410BE0E}.Debug|x64.Build.0 = Debug|x64
		{AFF4B397-7E1C-47FA-ACA4-B6F5D410BE0E}.Debug|x86.ActiveCfg = Debug|x86
		{AFF4B397-7E1C-47FA-ACA4-B6F5D410BE0E}.Debug|x86.Build.0 = Debug|x86
		{AFF4B397-7E1C-47FA-ACA4-B6F5D410BE0E}.Release|Any CPU.ActiveCfg = Release|Any CPU
		{AFF4B397-7E1C-47FA-ACA4-B6F5D410BE0E}.Release|Any CPU.Build.0 = Release|Any CPU
		{AFF4B397-7E1C-47FA-ACA4-B6F5D410BE0E}.Release|x64.ActiveCfg = Release|x64
		{AFF4B397-7E1C-47FA-ACA4-B6F5D410BE0E}.Release|x64.Build.0 = Release|x64
		{AFF4B397-7E1C-47FA-ACA4-B6F5D410BE0E}.Release|x86.ActiveCfg = Release|x86
		{AFF4B397-7E1C-47FA-ACA4-B6F5D410BE0E}.Release|x86.Build.0 = Release|x86
		{794E59AC-C431-46DC-ADE8-07129233F369}.Debug|Any CPU.ActiveCfg = Debug|Any CPU
		{794E59AC-C431-46DC-ADE8-07129233F369}.Debug|Any CPU.Build.0 = Debug|Any CPU
		{794E59AC-C431-46DC-ADE8-07129233F369}.Debug|x64.ActiveCfg = Debug|x64
		{794E59AC-C431-46DC-ADE8-07129233F369}.Debug|x64.Build.0 = Debug|x64
		{794E59AC-C431-46DC-ADE8-07129233F369}.Debug|x86.ActiveCfg = Debug|Any CPU
		{794E59AC-C431-46DC-ADE8-07129233F369}.Debug|x86.Build.0 = Debug|Any CPU
		{794E59AC-C431-46DC-ADE8-07129233F369}.Release|Any CPU.ActiveCfg = Release|Any CPU
		{794E59AC-C431-46DC-ADE8-07129233F369}.Release|Any CPU.Build.0 = Release|Any CPU
		{794E59AC-C431-46DC-ADE8-07129233F369}.Release|x64.ActiveCfg = Release|x64
		{794E59AC-C431-46DC-ADE8-07129233F369}.Release|x64.Build.0 = Release|x64
		{794E59AC-C431-46DC-ADE8-07129233F369}.Release|x86.ActiveCfg = Release|Any CPU
		{794E59AC-C431-46DC-ADE8-07129233F369}.Release|x86.Build.0 = Release|Any CPU
		{88FD34D9-CF84-476D-81F3-4A928B88C8D2}.Debug|Any CPU.ActiveCfg = Debug|Any CPU
		{88FD34D9-CF84-476D-81F3-4A928B88C8D2}.Debug|Any CPU.Build.0 = Debug|Any CPU
		{88FD34D9-CF84-476D-81F3-4A928B88C8D2}.Debug|x64.ActiveCfg = Debug|x64
		{88FD34D9-CF84-476D-81F3-4A928B88C8D2}.Debug|x64.Build.0 = Debug|x64
		{88FD34D9-CF84-476D-81F3-4A928B88C8D2}.Debug|x86.ActiveCfg = Debug|Any CPU
		{88FD34D9-CF84-476D-81F3-4A928B88C8D2}.Debug|x86.Build.0 = Debug|Any CPU
		{88FD34D9-CF84-476D-81F3-4A928B88C8D2}.Release|Any CPU.ActiveCfg = Release|Any CPU
		{88FD34D9-CF84-476D-81F3-4A928B88C8D2}.Release|Any CPU.Build.0 = Release|Any CPU
		{88FD34D9-CF84-476D-81F3-4A928B88C8D2}.Release|x64.ActiveCfg = Release|x64
		{88FD34D9-CF84-476D-81F3-4A928B88C8D2}.Release|x64.Build.0 = Release|x64
		{88FD34D9-CF84-476D-81F3-4A928B88C8D2}.Release|x86.ActiveCfg = Release|Any CPU
		{88FD34D9-CF84-476D-81F3-4A928B88C8D2}.Release|x86.Build.0 = Release|Any CPU
	EndGlobalSection
	GlobalSection(SolutionProperties) = preSolution
		HideSolutionNode = FALSE
	EndGlobalSection
EndGlobal
